
Microsoft Visual Studio Solution File, Format Version 12.00
# Visual Studio Version 17
VisualStudioVersion = 17.8.35430.204
MinimumVisualStudioVersion = 10.0.40219.1
Project("{FAE04EC0-301F-11D3-BF4B-00C04F79EFBC}") = "Examples", "Examples.csproj", "{616E0C00-665D-4549-9FFD-14A6FE28C602}"
EndProject
Project("{FAE04EC0-301F-11D3-BF4B-00C04F79EFBC}") = "UserCode", "..\UserCode\UserCode.csproj", "{03E39C4B-5B4C-4FD2-A79D-AC86704AF3DC}"
EndProject
Global
	GlobalSection(SolutionConfigurationPlatforms) = preSolution
		Debug|Any CPU = Debug|Any CPU
		Release|Any CPU = Release|Any CPU
	EndGlobalSection
	GlobalSection(ProjectConfigurationPlatforms) = postSolution
		{616E0C00-665D-4549-9FFD-14A6FE28C602}.Debug|Any CPU.ActiveCfg = Debug|Any CPU
		{616E0C00-665D-4549-9FFD-14A6FE28C602}.Debug|Any CPU.Build.0 = Debug|Any CPU
		{616E0C00-665D-4549-9FFD-14A6FE28C602}.Release|Any CPU.ActiveCfg = Release|Any CPU
		{616E0C00-665D-4549-9FFD-14A6FE28C602}.Release|Any CPU.Build.0 = Release|Any CPU
		{03E39C4B-5B4C-4FD2-A79D-AC86704AF3DC}.Debug|Any CPU.ActiveCfg = Debug|Any CPU
		{03E39C4B-5B4C-4FD2-A79D-AC86704AF3DC}.Debug|Any CPU.Build.0 = Debug|Any CPU
		{03E39C4B-5B4C-4FD2-A79D-AC86704AF3DC}.Release|Any CPU.ActiveCfg = Release|Any CPU
		{03E39C4B-5B4C-4FD2-A79D-AC86704AF3DC}.Release|Any CPU.Build.0 = Release|Any CPU
	EndGlobalSection
	GlobalSection(SolutionProperties) = preSolution
		HideSolutionNode = FALSE
	EndGlobalSection
	GlobalSection(ExtensibilityGlobals) = postSolution
		SolutionGuid = {22B9C537-2B7B-4D6D-B152-E2C4BA31F193}
	EndGlobalSection
EndGlobal
